// !$*UTF8*$!
{
	archiveVersion = 1;
	classes = {
	};
	objectVersion = 46;
	objects = {

/* Begin PBXBuildFile section */
		26AD8F691606476C00FE1834 /* UIKit.framework in Frameworks */ = {isa = PBXBuildFile; fileRef = 26AD8F681606476C00FE1834 /* UIKit.framework */; };
		26AD8F6B1606476C00FE1834 /* Foundation.framework in Frameworks */ = {isa = PBXBuildFile; fileRef = 26AD8F6A1606476C00FE1834 /* Foundation.framework */; };
		26AD8F6D1606476C00FE1834 /* CoreGraphics.framework in Frameworks */ = {isa = PBXBuildFile; fileRef = 26AD8F6C1606476C00FE1834 /* CoreGraphics.framework */; };
		26AD8F731606476C00FE1834 /* InfoPlist.strings in Resources */ = {isa = PBXBuildFile; fileRef = 26AD8F711606476C00FE1834 /* InfoPlist.strings */; };
		26AD8F751606476C00FE1834 /* main.m in Sources */ = {isa = PBXBuildFile; fileRef = 26AD8F741606476C00FE1834 /* main.m */; };
		26AD8F791606476C00FE1834 /* mirmilloAppDelegate.m in Sources */ = {isa = PBXBuildFile; fileRef = 26AD8F781606476C00FE1834 /* mirmilloAppDelegate.m */; };
		26AD8F811606476C00FE1834 /* SenTestingKit.framework in Frameworks */ = {isa = PBXBuildFile; fileRef = 26AD8F801606476C00FE1834 /* SenTestingKit.framework */; };
		26AD8F821606476C00FE1834 /* UIKit.framework in Frameworks */ = {isa = PBXBuildFile; fileRef = 26AD8F681606476C00FE1834 /* UIKit.framework */; };
		26AD8F831606476C00FE1834 /* Foundation.framework in Frameworks */ = {isa = PBXBuildFile; fileRef = 26AD8F6A1606476C00FE1834 /* Foundation.framework */; };
		26AD8F8B1606476C00FE1834 /* InfoPlist.strings in Resources */ = {isa = PBXBuildFile; fileRef = 26AD8F891606476C00FE1834 /* InfoPlist.strings */; };
		26AD8F8E1606476D00FE1834 /* ios_tutorialTests.m in Sources */ = {isa = PBXBuildFile; fileRef = 26AD8F8D1606476D00FE1834 /* ios_tutorialTests.m */; };
/* End PBXBuildFile section */

/* Begin PBXContainerItemProxy section */
		26AD8F841606476C00FE1834 /* PBXContainerItemProxy */ = {
			isa = PBXContainerItemProxy;
			containerPortal = 26AD8F5B1606476C00FE1834 /* Project object */;
			proxyType = 1;
			remoteGlobalIDString = 26AD8F631606476C00FE1834;
			remoteInfo = "ios tutorial";
		};
/* End PBXContainerItemProxy section */

/* Begin PBXFileReference section */
		26AD8F641606476C00FE1834 /* ios tutorial.app */ = {isa = PBXFileReference; explicitFileType = wrapper.application; includeInIndex = 0; path = "ios tutorial.app"; sourceTree = BUILT_PRODUCTS_DIR; };
		26AD8F681606476C00FE1834 /* UIKit.framework */ = {isa = PBXFileReference; lastKnownFileType = wrapper.framework; name = UIKit.framework; path = System/Library/Frameworks/UIKit.framework; sourceTree = SDKROOT; };
		26AD8F6A1606476C00FE1834 /* Foundation.framework */ = {isa = PBXFileReference; lastKnownFileType = wrapper.framework; name = Foundation.framework; path = System/Library/Frameworks/Foundation.framework; sourceTree = SDKROOT; };
		26AD8F6C1606476C00FE1834 /* CoreGraphics.framework */ = {isa = PBXFileReference; lastKnownFileType = wrapper.framework; name = CoreGraphics.framework; path = System/Library/Frameworks/CoreGraphics.framework; sourceTree = SDKROOT; };
		26AD8F701606476C00FE1834 /* ios tutorial-Info.plist */ = {isa = PBXFileReference; lastKnownFileType = text.plist.xml; path = "ios tutorial-Info.plist"; sourceTree = "<group>"; };
		26AD8F721606476C00FE1834 /* en */ = {isa = PBXFileReference; lastKnownFileType = text.plist.strings; name = en; path = en.lproj/InfoPlist.strings; sourceTree = "<group>"; };
		26AD8F741606476C00FE1834 /* main.m */ = {isa = PBXFileReference; lastKnownFileType = sourcecode.c.objc; path = main.m; sourceTree = "<group>"; };
		26AD8F761606476C00FE1834 /* ios tutorial-Prefix.pch */ = {isa = PBXFileReference; lastKnownFileType = sourcecode.c.h; path = "ios tutorial-Prefix.pch"; sourceTree = "<group>"; };
		26AD8F771606476C00FE1834 /* mirmilloAppDelegate.h */ = {isa = PBXFileReference; lastKnownFileType = sourcecode.c.h; path = mirmilloAppDelegate.h; sourceTree = "<group>"; };
		26AD8F781606476C00FE1834 /* mirmilloAppDelegate.m */ = {isa = PBXFileReference; lastKnownFileType = sourcecode.c.objc; path = mirmilloAppDelegate.m; sourceTree = "<group>"; };
		26AD8F7F1606476C00FE1834 /* ios tutorialTests.octest */ = {isa = PBXFileReference; explicitFileType = wrapper.cfbundle; includeInIndex = 0; path = "ios tutorialTests.octest"; sourceTree = BUILT_PRODUCTS_DIR; };
		26AD8F801606476C00FE1834 /* SenTestingKit.framework */ = {isa = PBXFileReference; lastKnownFileType = wrapper.framework; name = SenTestingKit.framework; path = Library/Frameworks/SenTestingKit.framework; sourceTree = DEVELOPER_DIR; };
		26AD8F881606476C00FE1834 /* ios tutorialTests-Info.plist */ = {isa = PBXFileReference; lastKnownFileType = text.plist.xml; path = "ios tutorialTests-Info.plist"; sourceTree = "<group>"; };
		26AD8F8A1606476C00FE1834 /* en */ = {isa = PBXFileReference; lastKnownFileType = text.plist.strings; name = en; path = en.lproj/InfoPlist.strings; sourceTree = "<group>"; };
		26AD8F8C1606476C00FE1834 /* ios_tutorialTests.h */ = {isa = PBXFileReference; lastKnownFileType = sourcecode.c.h; path = ios_tutorialTests.h; sourceTree = "<group>"; };
		26AD8F8D1606476D00FE1834 /* ios_tutorialTests.m */ = {isa = PBXFileReference; lastKnownFileType = sourcecode.c.objc; path = ios_tutorialTests.m; sourceTree = "<group>"; };
/* End PBXFileReference section */

/* Begin PBXFrameworksBuildPhase section */
		26AD8F611606476C00FE1834 /* Frameworks */ = {
			isa = PBXFrameworksBuildPhase;
			buildActionMask = 2147483647;
			files = (
				26AD8F691606476C00FE1834 /* UIKit.framework in Frameworks */,
				26AD8F6B1606476C00FE1834 /* Foundation.framework in Frameworks */,
				26AD8F6D1606476C00FE1834 /* CoreGraphics.framework in Frameworks */,
			);
			runOnlyForDeploymentPostprocessing = 0;
		};
		26AD8F7B1606476C00FE1834 /* Frameworks */ = {
			isa = PBXFrameworksBuildPhase;
			buildActionMask = 2147483647;
			files = (
				26AD8F811606476C00FE1834 /* SenTestingKit.framework in Frameworks */,
				26AD8F821606476C00FE1834 /* UIKit.framework in Frameworks */,
				26AD8F831606476C00FE1834 /* Foundation.framework in Frameworks */,
			);
			runOnlyForDeploymentPostprocessing = 0;
		};
/* End PBXFrameworksBuildPhase section */

/* Begin PBXGroup section */
		26AD8F591606476C00FE1834 = {
			isa = PBXGroup;
			children = (
				26AD8F6E1606476C00FE1834 /* ios tutorial */,
				26AD8F861606476C00FE1834 /* ios tutorialTests */,
				26AD8F671606476C00FE1834 /* Frameworks */,
				26AD8F651606476C00FE1834 /* Products */,
			);
			sourceTree = "<group>";
		};
		26AD8F651606476C00FE1834 /* Products */ = {
			isa = PBXGroup;
			children = (
				26AD8F641606476C00FE1834 /* ios tutorial.app */,
				26AD8F7F1606476C00FE1834 /* ios tutorialTests.octest */,
			);
			name = Products;
			sourceTree = "<group>";
		};
		26AD8F671606476C00FE1834 /* Frameworks */ = {
			isa = PBXGroup;
			children = (
				26AD8F681606476C00FE1834 /* UIKit.framework */,
				26AD8F6A1606476C00FE1834 /* Foundation.framework */,
				26AD8F6C1606476C00FE1834 /* CoreGraphics.framework */,
				26AD8F801606476C00FE1834 /* SenTestingKit.framework */,
			);
			name = Frameworks;
			sourceTree = "<group>";
		};
		26AD8F6E1606476C00FE1834 /* ios tutorial */ = {
			isa = PBXGroup;
			children = (
				26AD8F771606476C00FE1834 /* mirmilloAppDelegate.h */,
				26AD8F781606476C00FE1834 /* mirmilloAppDelegate.m */,
				26AD8F6F1606476C00FE1834 /* Supporting Files */,
			);
			path = "ios tutorial";
			sourceTree = "<group>";
		};
		26AD8F6F1606476C00FE1834 /* Supporting Files */ = {
			isa = PBXGroup;
			children = (
				26AD8F701606476C00FE1834 /* ios tutorial-Info.plist */,
				26AD8F711606476C00FE1834 /* InfoPlist.strings */,
				26AD8F741606476C00FE1834 /* main.m */,
				26AD8F761606476C00FE1834 /* ios tutorial-Prefix.pch */,
			);
			name = "Supporting Files";
			sourceTree = "<group>";
		};
		26AD8F861606476C00FE1834 /* ios tutorialTests */ = {
			isa = PBXGroup;
			children = (
				26AD8F8C1606476C00FE1834 /* ios_tutorialTests.h */,
				26AD8F8D1606476D00FE1834 /* ios_tutorialTests.m */,
				26AD8F871606476C00FE1834 /* Supporting Files */,
			);
			path = "ios tutorialTests";
			sourceTree = "<group>";
		};
		26AD8F871606476C00FE1834 /* Supporting Files */ = {
			isa = PBXGroup;
			children = (
				26AD8F881606476C00FE1834 /* ios tutorialTests-Info.plist */,
				26AD8F891606476C00FE1834 /* InfoPlist.strings */,
			);
			name = "Supporting Files";
			sourceTree = "<group>";
		};
/* End PBXGroup section */

/* Begin PBXNativeTarget section */
		26AD8F631606476C00FE1834 /* ios tutorial */ = {
			isa = PBXNativeTarget;
			buildConfigurationList = 26AD8F911606476D00FE1834 /* Build configuration list for PBXNativeTarget "ios tutorial" */;
			buildPhases = (
				26AD8F601606476C00FE1834 /* Sources */,
				26AD8F611606476C00FE1834 /* Frameworks */,
				26AD8F621606476C00FE1834 /* Resources */,
			);
			buildRules = (
			);
			dependencies = (
			);
			name = "ios tutorial";
			productName = "ios tutorial";
			productReference = 26AD8F641606476C00FE1834 /* ios tutorial.app */;
			productType = "com.apple.product-type.application";
		};
		26AD8F7E1606476C00FE1834 /* ios tutorialTests */ = {
			isa = PBXNativeTarget;
			buildConfigurationList = 26AD8F941606476D00FE1834 /* Build configuration list for PBXNativeTarget "ios tutorialTests" */;
			buildPhases = (
				26AD8F7A1606476C00FE1834 /* Sources */,
				26AD8F7B1606476C00FE1834 /* Frameworks */,
				26AD8F7C1606476C00FE1834 /* Resources */,
				26AD8F7D1606476C00FE1834 /* ShellScript */,
			);
			buildRules = (
			);
			dependencies = (
				26AD8F851606476C00FE1834 /* PBXTargetDependency */,
			);
			name = "ios tutorialTests";
			productName = "ios tutorialTests";
			productReference = 26AD8F7F1606476C00FE1834 /* ios tutorialTests.octest */;
			productType = "com.apple.product-type.bundle";
		};
/* End PBXNativeTarget section */

/* Begin PBXProject section */
		26AD8F5B1606476C00FE1834 /* Project object */ = {
			isa = PBXProject;
			attributes = {
				CLASSPREFIX = mirmillo;
				LastUpgradeCheck = 0440;
				ORGANIZATIONNAME = "David Damstra";
			};
			buildConfigurationList = 26AD8F5E1606476C00FE1834 /* Build configuration list for PBXProject "ios tutorial" */;
			compatibilityVersion = "Xcode 3.2";
			developmentRegion = English;
			hasScannedForEncodings = 0;
			knownRegions = (
				en,
			);
			mainGroup = 26AD8F591606476C00FE1834;
			productRefGroup = 26AD8F651606476C00FE1834 /* Products */;
			projectDirPath = "";
			projectRoot = "";
			targets = (
				26AD8F631606476C00FE1834 /* ios tutorial */,
				26AD8F7E1606476C00FE1834 /* ios tutorialTests */,
			);
		};
/* End PBXProject section */

/* Begin PBXResourcesBuildPhase section */
		26AD8F621606476C00FE1834 /* Resources */ = {
			isa = PBXResourcesBuildPhase;
			buildActionMask = 2147483647;
			files = (
				26AD8F731606476C00FE1834 /* InfoPlist.strings in Resources */,
			);
			runOnlyForDeploymentPostprocessing = 0;
		};
		26AD8F7C1606476C00FE1834 /* Resources */ = {
			isa = PBXResourcesBuildPhase;
			buildActionMask = 2147483647;
			files = (
				26AD8F8B1606476C00FE1834 /* InfoPlist.strings in Resources */,
			);
			runOnlyForDeploymentPostprocessing = 0;
		};
/* End PBXResourcesBuildPhase section */

/* Begin PBXShellScriptBuildPhase section */
		26AD8F7D1606476C00FE1834 /* ShellScript */ = {
			isa = PBXShellScriptBuildPhase;
			buildActionMask = 2147483647;
			files = (
			);
			inputPaths = (
			);
			outputPaths = (
			);
			runOnlyForDeploymentPostprocessing = 0;
			shellPath = /bin/sh;
			shellScript = "# Run the unit tests in this test bundle.\n\"${SYSTEM_DEVELOPER_DIR}/Tools/RunUnitTests\"\n";
		};
/* End PBXShellScriptBuildPhase section */

/* Begin PBXSourcesBuildPhase section */
		26AD8F601606476C00FE1834 /* Sources */ = {
			isa = PBXSourcesBuildPhase;
			buildActionMask = 2147483647;
			files = (
				26AD8F751606476C00FE1834 /* main.m in Sources */,
				26AD8F791606476C00FE1834 /* mirmilloAppDelegate.m in Sources */,
			);
			runOnlyForDeploymentPostprocessing = 0;
		};
		26AD8F7A1606476C00FE1834 /* Sources */ = {
			isa = PBXSourcesBuildPhase;
			buildActionMask = 2147483647;
			files = (
				26AD8F8E1606476D00FE1834 /* ios_tutorialTests.m in Sources */,
			);
			runOnlyForDeploymentPostprocessing = 0;
		};
/* End PBXSourcesBuildPhase section */

/* Begin PBXTargetDependency section */
		26AD8F851606476C00FE1834 /* PBXTargetDependency */ = {
			isa = PBXTargetDependency;
			target = 26AD8F631606476C00FE1834 /* ios tutorial */;
			targetProxy = 26AD8F841606476C00FE1834 /* PBXContainerItemProxy */;
		};
/* End PBXTargetDependency section */

/* Begin PBXVariantGroup section */
		26AD8F711606476C00FE1834 /* InfoPlist.strings */ = {
			isa = PBXVariantGroup;
			children = (
				26AD8F721606476C00FE1834 /* en */,
			);
			name = InfoPlist.strings;
			sourceTree = "<group>";
		};
		26AD8F891606476C00FE1834 /* InfoPlist.strings */ = {
			isa = PBXVariantGroup;
			children = (
				26AD8F8A1606476C00FE1834 /* en */,
			);
			name = InfoPlist.strings;
			sourceTree = "<group>";
		};
/* End PBXVariantGroup section */

/* Begin XCBuildConfiguration section */
		26AD8F8F1606476D00FE1834 /* Debug */ = {
			isa = XCBuildConfiguration;
			buildSettings = {
				ALWAYS_SEARCH_USER_PATHS = NO;
				ARCHS = "$(ARCHS_STANDARD_32_BIT)";
				CLANG_CXX_LANGUAGE_STANDARD = "gnu++0x";
				CLANG_ENABLE_OBJC_ARC = YES;
				CLANG_WARN__DUPLICATE_METHOD_MATCH = YES;
				"CODE_SIGN_IDENTITY[sdk=iphoneos*]" = "iPhone Developer";
				COPY_PHASE_STRIP = NO;
				GCC_C_LANGUAGE_STANDARD = gnu99;
				GCC_DYNAMIC_NO_PIC = NO;
				GCC_OPTIMIZATION_LEVEL = 0;
				GCC_PREPROCESSOR_DEFINITIONS = (
					"DEBUG=1",
					"$(inherited)",
				);
				GCC_SYMBOLS_PRIVATE_EXTERN = NO;
				GCC_VERSION = com.apple.compilers.llvm.clang.1_0;
				GCC_WARN_ABOUT_RETURN_TYPE = YES;
				GCC_WARN_UNINITIALIZED_AUTOS = YES;
				GCC_WARN_UNUSED_VARIABLE = YES;
				IPHONEOS_DEPLOYMENT_TARGET = 5.1;
				SDKROOT = iphoneos;
				TARGETED_DEVICE_FAMILY = "1,2";
			};
			name = Debug;
		};
		26AD8F901606476D00FE1834 /* Release */ = {
			isa = XCBuildConfiguration;
			buildSettings = {
				ALWAYS_SEARCH_USER_PATHS = NO;
				ARCHS = "$(ARCHS_STANDARD_32_BIT)";
				CLANG_CXX_LANGUAGE_STANDARD = "gnu++0x";
				CLANG_ENABLE_OBJC_ARC = YES;
				CLANG_WARN__DUPLICATE_METHOD_MATCH = YES;
				"CODE_SIGN_IDENTITY[sdk=iphoneos*]" = "iPhone Developer";
				COPY_PHASE_STRIP = YES;
				GCC_C_LANGUAGE_STANDARD = gnu99;
				GCC_VERSION = com.apple.compilers.llvm.clang.1_0;
				GCC_WARN_ABOUT_RETURN_TYPE = YES;
				GCC_WARN_UNINITIALIZED_AUTOS = YES;
				GCC_WARN_UNUSED_VARIABLE = YES;
				IPHONEOS_DEPLOYMENT_TARGET = 5.1;
				OTHER_CFLAGS = "-DNS_BLOCK_ASSERTIONS=1";
				SDKROOT = iphoneos;
				TARGETED_DEVICE_FAMILY = "1,2";
				VALIDATE_PRODUCT = YES;
			};
			name = Release;
		};
		26AD8F921606476D00FE1834 /* Debug */ = {
			isa = XCBuildConfiguration;
			buildSettings = {
				GCC_PRECOMPILE_PREFIX_HEADER = YES;
				GCC_PREFIX_HEADER = "ios tutorial/ios tutorial-Prefix.pch";
				INFOPLIST_FILE = "ios tutorial/ios tutorial-Info.plist";
				PRODUCT_NAME = "$(TARGET_NAME)";
				WRAPPER_EXTENSION = app;
			};
			name = Debug;
		};
		26AD8F931606476D00FE1834 /* Release */ = {
			isa = XCBuildConfiguration;
			buildSettings = {
				GCC_PRECOMPILE_PREFIX_HEADER = YES;
				GCC_PREFIX_HEADER = "ios tutorial/ios tutorial-Prefix.pch";
				INFOPLIST_FILE = "ios tutorial/ios tutorial-Info.plist";
				PRODUCT_NAME = "$(TARGET_NAME)";
				WRAPPER_EXTENSION = app;
			};
			name = Release;
		};
		26AD8F951606476D00FE1834 /* Debug */ = {
			isa = XCBuildConfiguration;
			buildSettings = {
				BUNDLE_LOADER = "$(BUILT_PRODUCTS_DIR)/ios tutorial.app/ios tutorial";
				FRAMEWORK_SEARCH_PATHS = (
					"\"$(SDKROOT)/Developer/Library/Frameworks\"",
					"\"$(DEVELOPER_LIBRARY_DIR)/Frameworks\"",
				);
				GCC_PRECOMPILE_PREFIX_HEADER = YES;
				GCC_PREFIX_HEADER = "ios tutorial/ios tutorial-Prefix.pch";
				INFOPLIST_FILE = "ios tutorialTests/ios tutorialTests-Info.plist";
				PRODUCT_NAME = "$(TARGET_NAME)";
				TEST_HOST = "$(BUNDLE_LOADER)";
				WRAPPER_EXTENSION = octest;
			};
			name = Debug;
		};
		26AD8F961606476D00FE1834 /* Release */ = {
			isa = XCBuildConfiguration;
			buildSettings = {
				BUNDLE_LOADER = "$(BUILT_PRODUCTS_DIR)/ios tutorial.app/ios tutorial";
				FRAMEWORK_SEARCH_PATHS = (
					"\"$(SDKROOT)/Developer/Library/Frameworks\"",
					"\"$(DEVELOPER_LIBRARY_DIR)/Frameworks\"",
				);
				GCC_PRECOMPILE_PREFIX_HEADER = YES;
				GCC_PREFIX_HEADER = "ios tutorial/ios tutorial-Prefix.pch";
				INFOPLIST_FILE = "ios tutorialTests/ios tutorialTests-Info.plist";
				PRODUCT_NAME = "$(TARGET_NAME)";
				TEST_HOST = "$(BUNDLE_LOADER)";
				WRAPPER_EXTENSION = octest;
			};
			name = Release;
		};
/* End XCBuildConfiguration section */

/* Begin XCConfigurationList section */
		26AD8F5E1606476C00FE1834 /* Build configuration list for PBXProject "ios tutorial" */ = {
			isa = XCConfigurationList;
			buildConfigurations = (
				26AD8F8F1606476D00FE1834 /* Debug */,
				26AD8F901606476D00FE1834 /* Release */,
			);
			defaultConfigurationIsVisible = 0;
			defaultConfigurationName = Release;
		};
		26AD8F911606476D00FE1834 /* Build configuration list for PBXNativeTarget "ios tutorial" */ = {
			isa = XCConfigurationList;
			buildConfigurations = (
				26AD8F921606476D00FE1834 /* Debug */,
				26AD8F931606476D00FE1834 /* Release */,
			);
			defaultConfigurationIsVisible = 0;
		};
		26AD8F941606476D00FE1834 /* Build configuration list for PBXNativeTarget "ios tutorialTests" */ = {
			isa = XCConfigurationList;
			buildConfigurations = (
				26AD8F951606476D00FE1834 /* Debug */,
				26AD8F961606476D00FE1834 /* Release */,
			);
			defaultConfigurationIsVisible = 0;
		};
/* End XCConfigurationList section */
	};
	rootObject = 26AD8F5B1606476C00FE1834 /* Project object */;
}
